// !$*UTF8*$!
{
	archiveVersion = 1;
	classes = {
	};
	objectVersion = 56;
	objects = {

/* Begin PBXBuildFile section */
		10D593512B97219F00ABEDAA /* AppPreferences.h in Headers */ = {isa = PBXBuildFile; fileRef = 6E9FF2BB2B91DC8F00974D50 /* AppPreferences.h */; };
		10D593522B9721A600ABEDAA /* AppUrl.h in Headers */ = {isa = PBXBuildFile; fileRef = 6E9FF28A2B91DC8F00974D50 /* AppUrl.h */; };
		10D593532B9721AE00ABEDAA /* UIAlertControllerExt.h in Headers */ = {isa = PBXBuildFile; fileRef = 6E9FF2AF2B91DC8F00974D50 /* UIAlertControllerExt.h */; };
		10D593542B9721CD00ABEDAA /* DevAppMenu.h in Headers */ = {isa = PBXBuildFile; fileRef = 6E9FF2B02B91DC8F00974D50 /* DevAppMenu.h */; };
		10D593552B9721CD00ABEDAA /* AppMenuProtocol.h in Headers */ = {isa = PBXBuildFile; fileRef = 6E9FF2B12B91DC8F00974D50 /* AppMenuProtocol.h */; };
		10D593562B9721CD00ABEDAA /* UIAlertActionExt.h in Headers */ = {isa = PBXBuildFile; fileRef = 6E9FF2B52B91DC8F00974D50 /* UIAlertActionExt.h */; };
		10D593572B9721CD00ABEDAA /* DevAppMenuUIAlertController.h in Headers */ = {isa = PBXBuildFile; fileRef = 6E9FF2B72B91DC8F00974D50 /* DevAppMenuUIAlertController.h */; };
		10D593582B9721CD00ABEDAA /* MendixEncryptedStorageModule.h in Headers */ = {isa = PBXBuildFile; fileRef = 6E9FF2782B91DC8F00974D50 /* MendixEncryptedStorageModule.h */; };
		10D593592B9721CD00ABEDAA /* RNCAsyncStorageExt.h in Headers */ = {isa = PBXBuildFile; fileRef = 6E9FF2B92B91DC8F00974D50 /* RNCAsyncStorageExt.h */; };
		10D5935B2B9721CD00ABEDAA /* MendixApp.h in Headers */ = {isa = PBXBuildFile; fileRef = 6E9FF2872B91DC8F00974D50 /* MendixApp.h */; };
		10D5935C2B9721CD00ABEDAA /* MendixBackwardsCompatUtility.h in Headers */ = {isa = PBXBuildFile; fileRef = 6E9FF2A42B91DC8F00974D50 /* MendixBackwardsCompatUtility.h */; };
		10D5935D2B9721CD00ABEDAA /* UnsupportedFeatures.h in Headers */ = {isa = PBXBuildFile; fileRef = 6E9FF2A52B91DC8F00974D50 /* UnsupportedFeatures.h */; };
		10D5935E2B9721CD00ABEDAA /* MendixReactWindow.h in Headers */ = {isa = PBXBuildFile; fileRef = 6E9FF2912B91DC8F00974D50 /* MendixReactWindow.h */; };
		10D5935F2B9721CD00ABEDAA /* SplashScreenPresenterProtocol.h in Headers */ = {isa = PBXBuildFile; fileRef = 6E9FF2A82B91DC8F00974D50 /* SplashScreenPresenterProtocol.h */; };
		10D593602B9721CD00ABEDAA /* MxConfiguration.h in Headers */ = {isa = PBXBuildFile; fileRef = 6E9FF27C2B91DC8F00974D50 /* MxConfiguration.h */; };
		10D593612B9721CD00ABEDAA /* NativeDownloadHandler.h in Headers */ = {isa = PBXBuildFile; fileRef = 6E9FF2BF2B91DC8F00974D50 /* NativeDownloadHandler.h */; };
		10D593632B9721CD00ABEDAA /* NativeFsModule.h in Headers */ = {isa = PBXBuildFile; fileRef = 6E9FF2C22B91DC9000974D50 /* NativeFsModule.h */; };
		10D593642B9721CD00ABEDAA /* OtaHelpers.h in Headers */ = {isa = PBXBuildFile; fileRef = 6E9FF2802B91DC8F00974D50 /* OtaHelpers.h */; };
		10D593652B9721CD00ABEDAA /* OtaConstants.h in Headers */ = {isa = PBXBuildFile; fileRef = 6E9FF2832B91DC8F00974D50 /* OtaConstants.h */; };
		10D593662B9721CD00ABEDAA /* NativeOtaModule.h in Headers */ = {isa = PBXBuildFile; fileRef = 6E9FF2852B91DC8F00974D50 /* NativeOtaModule.h */; };
		10D593672B9721CD00ABEDAA /* NativeReloadHandler.h in Headers */ = {isa = PBXBuildFile; fileRef = 6E9FF28E2B91DC8F00974D50 /* NativeReloadHandler.h */; };
		10D593682B9721CD00ABEDAA /* ReactNative.h in Headers */ = {isa = PBXBuildFile; fileRef = 6E9FF27A2B91DC8F00974D50 /* ReactNative.h */; };
		10D593692B9721CD00ABEDAA /* RuntimeInfoResponse.h in Headers */ = {isa = PBXBuildFile; fileRef = 6E9FF29C2B91DC8F00974D50 /* RuntimeInfoResponse.h */; };
		10D5936A2B9721CD00ABEDAA /* RuntimeInfoProvider.h in Headers */ = {isa = PBXBuildFile; fileRef = 6E9FF29E2B91DC8F00974D50 /* RuntimeInfoProvider.h */; };
		10D5936B2B9721CD00ABEDAA /* RuntimeInfo.h in Headers */ = {isa = PBXBuildFile; fileRef = 6E9FF2A02B91DC8F00974D50 /* RuntimeInfo.h */; };
		10D5936C2B9721CD00ABEDAA /* WarningsFilter.h in Headers */ = {isa = PBXBuildFile; fileRef = 6E9FF2AA2B91DC8F00974D50 /* WarningsFilter.h */; };
		10D5936D2B9723FE00ABEDAA /* AppPreferences.h in CopyFiles */ = {isa = PBXBuildFile; fileRef = 6E9FF2BB2B91DC8F00974D50 /* AppPreferences.h */; };
		10D5936E2B9723FE00ABEDAA /* AppUrl.h in CopyFiles */ = {isa = PBXBuildFile; fileRef = 6E9FF28A2B91DC8F00974D50 /* AppUrl.h */; };
		10D5936F2B9723FE00ABEDAA /* AppMenuProtocol.h in CopyFiles */ = {isa = PBXBuildFile; fileRef = 6E9FF2B12B91DC8F00974D50 /* AppMenuProtocol.h */; };
		10D593702B9723FE00ABEDAA /* DevAppMenuUIAlertController.h in CopyFiles */ = {isa = PBXBuildFile; fileRef = 6E9FF2B72B91DC8F00974D50 /* DevAppMenuUIAlertController.h */; };
		10D593712B9723FE00ABEDAA /* OtaJSBundleFileProvider.h in CopyFiles */ = {isa = PBXBuildFile; fileRef = 6E9FF2C42B91DC9000974D50 /* OtaJSBundleFileProvider.h */; };
		10D593722B9723FE00ABEDAA /* JSBundleFileProviderProtocol.h in CopyFiles */ = {isa = PBXBuildFile; fileRef = 6E9FF2C62B91DC9000974D50 /* JSBundleFileProviderProtocol.h */; };
		10D593732B9723FE00ABEDAA /* MendixApp.h in CopyFiles */ = {isa = PBXBuildFile; fileRef = 6E9FF2872B91DC8F00974D50 /* MendixApp.h */; };
		10D593742B9723FE00ABEDAA /* MendixBackwardsCompatUtility.h in CopyFiles */ = {isa = PBXBuildFile; fileRef = 6E9FF2A42B91DC8F00974D50 /* MendixBackwardsCompatUtility.h */; };
		10D593752B9723FE00ABEDAA /* UnsupportedFeatures.h in CopyFiles */ = {isa = PBXBuildFile; fileRef = 6E9FF2A52B91DC8F00974D50 /* UnsupportedFeatures.h */; };
		10D593762B9723FE00ABEDAA /* MendixNative.h in CopyFiles */ = {isa = PBXBuildFile; fileRef = 6E9FF28F2B91DC8F00974D50 /* MendixNative.h */; };
		10D593772B9723FE00ABEDAA /* MendixReactWindow.h in CopyFiles */ = {isa = PBXBuildFile; fileRef = 6E9FF2912B91DC8F00974D50 /* MendixReactWindow.h */; };
		10D593782B9723FE00ABEDAA /* SplashScreenPresenterProtocol.h in CopyFiles */ = {isa = PBXBuildFile; fileRef = 6E9FF2A82B91DC8F00974D50 /* SplashScreenPresenterProtocol.h */; };
		10D593792B9723FE00ABEDAA /* MxConfiguration.h in CopyFiles */ = {isa = PBXBuildFile; fileRef = 6E9FF27C2B91DC8F00974D50 /* MxConfiguration.h */; };
		10D5937A2B9723FE00ABEDAA /* NativeDownloadHandler.h in CopyFiles */ = {isa = PBXBuildFile; fileRef = 6E9FF2BF2B91DC8F00974D50 /* NativeDownloadHandler.h */; };
		10D5937B2B9723FE00ABEDAA /* OtaHelpers.h in CopyFiles */ = {isa = PBXBuildFile; fileRef = 6E9FF2802B91DC8F00974D50 /* OtaHelpers.h */; };
		10D5937C2B9723FE00ABEDAA /* OtaConstants.h in CopyFiles */ = {isa = PBXBuildFile; fileRef = 6E9FF2832B91DC8F00974D50 /* OtaConstants.h */; };
		10D5937D2B9723FE00ABEDAA /* NativeOtaModule.h in CopyFiles */ = {isa = PBXBuildFile; fileRef = 6E9FF2852B91DC8F00974D50 /* NativeOtaModule.h */; };
		10D5937E2B9723FE00ABEDAA /* NativeReloadHandler.h in CopyFiles */ = {isa = PBXBuildFile; fileRef = 6E9FF28E2B91DC8F00974D50 /* NativeReloadHandler.h */; };
		10D5937F2B9723FE00ABEDAA /* ReactNative.h in CopyFiles */ = {isa = PBXBuildFile; fileRef = 6E9FF27A2B91DC8F00974D50 /* ReactNative.h */; };
		10D593802B9723FE00ABEDAA /* RuntimeInfoResponse.h in CopyFiles */ = {isa = PBXBuildFile; fileRef = 6E9FF29C2B91DC8F00974D50 /* RuntimeInfoResponse.h */; };
		10D593812B9723FE00ABEDAA /* RuntimeInfoProvider.h in CopyFiles */ = {isa = PBXBuildFile; fileRef = 6E9FF29E2B91DC8F00974D50 /* RuntimeInfoProvider.h */; };
		10D593822B9723FE00ABEDAA /* RuntimeInfo.h in CopyFiles */ = {isa = PBXBuildFile; fileRef = 6E9FF2A02B91DC8F00974D50 /* RuntimeInfo.h */; };
		10D593832B9723FE00ABEDAA /* WarningsFilter.h in CopyFiles */ = {isa = PBXBuildFile; fileRef = 6E9FF2AA2B91DC8F00974D50 /* WarningsFilter.h */; };
		10D593852B97242700ABEDAA /* libsqlite3.0.tbd in Frameworks */ = {isa = PBXBuildFile; fileRef = 10D593842B97242700ABEDAA /* libsqlite3.0.tbd */; };
		3466EFA6E6424D77A07F7BD9 /* libPods-Mendix-MendixNative.a in Frameworks */ = {isa = PBXBuildFile; fileRef = BD6750925691820C6AC4C7B3 /* libPods-Mendix-MendixNative.a */; };
		6E9FF2C72B91DC9000974D50 /* MendixEncryptedStorageModule.m in Sources */ = {isa = PBXBuildFile; fileRef = 6E9FF2792B91DC8F00974D50 /* MendixEncryptedStorageModule.m */; };
		6E9FF2C82B91DC9000974D50 /* MxConfiguration.m in Sources */ = {isa = PBXBuildFile; fileRef = 6E9FF27D2B91DC8F00974D50 /* MxConfiguration.m */; };
		6E9FF2C92B91DC9000974D50 /* MxConfigurationBridge.m in Sources */ = {isa = PBXBuildFile; fileRef = 6E9FF27E2B91DC8F00974D50 /* MxConfigurationBridge.m */; };
		6E9FF2CA2B91DC9000974D50 /* OtaConstants.m in Sources */ = {isa = PBXBuildFile; fileRef = 6E9FF2812B91DC8F00974D50 /* OtaConstants.m */; };
		6E9FF2CB2B91DC9000974D50 /* NativeOtaModule.m in Sources */ = {isa = PBXBuildFile; fileRef = 6E9FF2822B91DC8F00974D50 /* NativeOtaModule.m */; };
		6E9FF2CC2B91DC9000974D50 /* OtaHelpers.m in Sources */ = {isa = PBXBuildFile; fileRef = 6E9FF2842B91DC8F00974D50 /* OtaHelpers.m */; };
		6E9FF2CD2B91DC9000974D50 /* MendixApp.m in Sources */ = {isa = PBXBuildFile; fileRef = 6E9FF2882B91DC8F00974D50 /* MendixApp.m */; };
		6E9FF2CE2B91DC9000974D50 /* AppUrl.m in Sources */ = {isa = PBXBuildFile; fileRef = 6E9FF28B2B91DC8F00974D50 /* AppUrl.m */; };
		6E9FF2CF2B91DC9000974D50 /* NativeReloadHandler.m in Sources */ = {isa = PBXBuildFile; fileRef = 6E9FF28D2B91DC8F00974D50 /* NativeReloadHandler.m */; };
		6E9FF2D02B91DC9000974D50 /* MendixReactWindow.m in Sources */ = {isa = PBXBuildFile; fileRef = 6E9FF2922B91DC8F00974D50 /* MendixReactWindow.m */; };
		6E9FF2D12B91DC9000974D50 /* NativeErrorHandler.m in Sources */ = {isa = PBXBuildFile; fileRef = 6E9FF2952B91DC8F00974D50 /* NativeErrorHandler.m */; };
		6E9FF2D22B91DC9000974D50 /* ReactNative.m in Sources */ = {isa = PBXBuildFile; fileRef = 6E9FF2962B91DC8F00974D50 /* ReactNative.m */; };
		6E9FF2D52B91DC9000974D50 /* RuntimeInfoProvider.m in Sources */ = {isa = PBXBuildFile; fileRef = 6E9FF29B2B91DC8F00974D50 /* RuntimeInfoProvider.m */; };
		6E9FF2D62B91DC9000974D50 /* RuntimeInfo.m in Sources */ = {isa = PBXBuildFile; fileRef = 6E9FF29D2B91DC8F00974D50 /* RuntimeInfo.m */; };
		6E9FF2D72B91DC9000974D50 /* RuntimeInfoResponse.m in Sources */ = {isa = PBXBuildFile; fileRef = 6E9FF29F2B91DC8F00974D50 /* RuntimeInfoResponse.m */; };
		6E9FF2D82B91DC9000974D50 /* UnsupportedFeatures.m in Sources */ = {isa = PBXBuildFile; fileRef = 6E9FF2A22B91DC8F00974D50 /* UnsupportedFeatures.m */; };
		6E9FF2D92B91DC9000974D50 /* MendixBackwardsCompatUtility.m in Sources */ = {isa = PBXBuildFile; fileRef = 6E9FF2A32B91DC8F00974D50 /* MendixBackwardsCompatUtility.m */; };
		6E9FF2DA2B91DC9000974D50 /* MendixSplashScreen.m in Sources */ = {isa = PBXBuildFile; fileRef = 6E9FF2A72B91DC8F00974D50 /* MendixSplashScreen.m */; };
		6E9FF2DB2B91DC9000974D50 /* WarningsFilter.m in Sources */ = {isa = PBXBuildFile; fileRef = 6E9FF2AB2B91DC8F00974D50 /* WarningsFilter.m */; };
		6E9FF2DC2B91DC9000974D50 /* UIAlertControllerExt.m in Sources */ = {isa = PBXBuildFile; fileRef = 6E9FF2AE2B91DC8F00974D50 /* UIAlertControllerExt.m */; };
		6E9FF2DD2B91DC9000974D50 /* DevAppMenuUIAlertController.m in Sources */ = {isa = PBXBuildFile; fileRef = 6E9FF2B22B91DC8F00974D50 /* DevAppMenuUIAlertController.m */; };
		6E9FF2DE2B91DC9000974D50 /* DevAppMenu.m in Sources */ = {isa = PBXBuildFile; fileRef = 6E9FF2B32B91DC8F00974D50 /* DevAppMenu.m */; };
		6E9FF2DF2B91DC9000974D50 /* UIAlertActionExt.m in Sources */ = {isa = PBXBuildFile; fileRef = 6E9FF2B62B91DC8F00974D50 /* UIAlertActionExt.m */; };
		6E9FF2E02B91DC9000974D50 /* AppPreferences.m in Sources */ = {isa = PBXBuildFile; fileRef = 6E9FF2BC2B91DC8F00974D50 /* AppPreferences.m */; };
		6E9FF2E12B91DC9000974D50 /* NativeDownloadHandler.m in Sources */ = {isa = PBXBuildFile; fileRef = 6E9FF2BE2B91DC8F00974D50 /* NativeDownloadHandler.m */; };
		6E9FF2E22B91DC9000974D50 /* NativeFsModule.m in Sources */ = {isa = PBXBuildFile; fileRef = 6E9FF2C12B91DC9000974D50 /* NativeFsModule.m */; };
		6E9FF2E32B91DC9000974D50 /* OtaJSBundleFileProvider.m in Sources */ = {isa = PBXBuildFile; fileRef = 6E9FF2C52B91DC9000974D50 /* OtaJSBundleFileProvider.m */; };
/* End PBXBuildFile section */

/* Begin PBXCopyFilesBuildPhase section */
		6E9FF1FC2B91DC1D00974D50 /* CopyFiles */ = {
			isa = PBXCopyFilesBuildPhase;
			buildActionMask = 2147483647;
			dstPath = "include/$(PRODUCT_NAME)";
			dstSubfolderSpec = 16;
			files = (
				10D5936D2B9723FE00ABEDAA /* AppPreferences.h in CopyFiles */,
				10D5936E2B9723FE00ABEDAA /* AppUrl.h in CopyFiles */,
				10D5936F2B9723FE00ABEDAA /* AppMenuProtocol.h in CopyFiles */,
				10D593702B9723FE00ABEDAA /* DevAppMenuUIAlertController.h in CopyFiles */,
				10D593712B9723FE00ABEDAA /* OtaJSBundleFileProvider.h in CopyFiles */,
				10D593722B9723FE00ABEDAA /* JSBundleFileProviderProtocol.h in CopyFiles */,
				10D593732B9723FE00ABEDAA /* MendixApp.h in CopyFiles */,
				10D593742B9723FE00ABEDAA /* MendixBackwardsCompatUtility.h in CopyFiles */,
				10D593752B9723FE00ABEDAA /* UnsupportedFeatures.h in CopyFiles */,
				10D593762B9723FE00ABEDAA /* MendixNative.h in CopyFiles */,
				10D593772B9723FE00ABEDAA /* MendixReactWindow.h in CopyFiles */,
				10D593782B9723FE00ABEDAA /* SplashScreenPresenterProtocol.h in CopyFiles */,
				10D593792B9723FE00ABEDAA /* MxConfiguration.h in CopyFiles */,
				10D5937A2B9723FE00ABEDAA /* NativeDownloadHandler.h in CopyFiles */,
				10D5937B2B9723FE00ABEDAA /* OtaHelpers.h in CopyFiles */,
				10D5937C2B9723FE00ABEDAA /* OtaConstants.h in CopyFiles */,
				10D5937D2B9723FE00ABEDAA /* NativeOtaModule.h in CopyFiles */,
				10D5937E2B9723FE00ABEDAA /* NativeReloadHandler.h in CopyFiles */,
				10D5937F2B9723FE00ABEDAA /* ReactNative.h in CopyFiles */,
				10D593802B9723FE00ABEDAA /* RuntimeInfoResponse.h in CopyFiles */,
				10D593812B9723FE00ABEDAA /* RuntimeInfoProvider.h in CopyFiles */,
				10D593822B9723FE00ABEDAA /* RuntimeInfo.h in CopyFiles */,
				10D593832B9723FE00ABEDAA /* WarningsFilter.h in CopyFiles */,
			);
			runOnlyForDeploymentPostprocessing = 0;
		};
/* End PBXCopyFilesBuildPhase section */

/* Begin PBXFileReference section */
		0DC00D0E45918C6FA627EB0A /* Pods-Mendix-MendixNative.debug.xcconfig */ = {isa = PBXFileReference; includeInIndex = 1; lastKnownFileType = text.xcconfig; name = "Pods-Mendix-MendixNative.debug.xcconfig"; path = "Target Support Files/Pods-Mendix-MendixNative/Pods-Mendix-MendixNative.debug.xcconfig"; sourceTree = "<group>"; };
		10D593842B97242700ABEDAA /* libsqlite3.0.tbd */ = {isa = PBXFileReference; lastKnownFileType = "sourcecode.text-based-dylib-definition"; name = libsqlite3.0.tbd; path = Platforms/MacOSX.platform/Developer/SDKs/MacOSX14.2.sdk/usr/lib/libsqlite3.0.tbd; sourceTree = DEVELOPER_DIR; };
		6E9FF1FE2B91DC1D00974D50 /* libMendixNative.a */ = {isa = PBXFileReference; explicitFileType = archive.ar; includeInIndex = 0; path = libMendixNative.a; sourceTree = BUILT_PRODUCTS_DIR; };
		6E9FF2782B91DC8F00974D50 /* MendixEncryptedStorageModule.h */ = {isa = PBXFileReference; fileEncoding = 4; lastKnownFileType = sourcecode.c.h; path = MendixEncryptedStorageModule.h; sourceTree = "<group>"; };
		6E9FF2792B91DC8F00974D50 /* MendixEncryptedStorageModule.m */ = {isa = PBXFileReference; fileEncoding = 4; lastKnownFileType = sourcecode.c.objc; path = MendixEncryptedStorageModule.m; sourceTree = "<group>"; };
		6E9FF27A2B91DC8F00974D50 /* ReactNative.h */ = {isa = PBXFileReference; fileEncoding = 4; lastKnownFileType = sourcecode.c.h; path = ReactNative.h; sourceTree = "<group>"; };
		6E9FF27C2B91DC8F00974D50 /* MxConfiguration.h */ = {isa = PBXFileReference; fileEncoding = 4; lastKnownFileType = sourcecode.c.h; path = MxConfiguration.h; sourceTree = "<group>"; };
		6E9FF27D2B91DC8F00974D50 /* MxConfiguration.m */ = {isa = PBXFileReference; fileEncoding = 4; lastKnownFileType = sourcecode.c.objc; path = MxConfiguration.m; sourceTree = "<group>"; };
		6E9FF27E2B91DC8F00974D50 /* MxConfigurationBridge.m */ = {isa = PBXFileReference; fileEncoding = 4; lastKnownFileType = sourcecode.c.objc; path = MxConfigurationBridge.m; sourceTree = "<group>"; };
		6E9FF2802B91DC8F00974D50 /* OtaHelpers.h */ = {isa = PBXFileReference; fileEncoding = 4; lastKnownFileType = sourcecode.c.h; path = OtaHelpers.h; sourceTree = "<group>"; };
		6E9FF2812B91DC8F00974D50 /* OtaConstants.m */ = {isa = PBXFileReference; fileEncoding = 4; lastKnownFileType = sourcecode.c.objc; path = OtaConstants.m; sourceTree = "<group>"; };
		6E9FF2822B91DC8F00974D50 /* NativeOtaModule.m */ = {isa = PBXFileReference; fileEncoding = 4; lastKnownFileType = sourcecode.c.objc; path = NativeOtaModule.m; sourceTree = "<group>"; };
		6E9FF2832B91DC8F00974D50 /* OtaConstants.h */ = {isa = PBXFileReference; fileEncoding = 4; lastKnownFileType = sourcecode.c.h; path = OtaConstants.h; sourceTree = "<group>"; };
		6E9FF2842B91DC8F00974D50 /* OtaHelpers.m */ = {isa = PBXFileReference; fileEncoding = 4; lastKnownFileType = sourcecode.c.objc; path = OtaHelpers.m; sourceTree = "<group>"; };
		6E9FF2852B91DC8F00974D50 /* NativeOtaModule.h */ = {isa = PBXFileReference; fileEncoding = 4; lastKnownFileType = sourcecode.c.h; path = NativeOtaModule.h; sourceTree = "<group>"; };
		6E9FF2872B91DC8F00974D50 /* MendixApp.h */ = {isa = PBXFileReference; fileEncoding = 4; lastKnownFileType = sourcecode.c.h; path = MendixApp.h; sourceTree = "<group>"; };
		6E9FF2882B91DC8F00974D50 /* MendixApp.m */ = {isa = PBXFileReference; fileEncoding = 4; lastKnownFileType = sourcecode.c.objc; path = MendixApp.m; sourceTree = "<group>"; };
		6E9FF28A2B91DC8F00974D50 /* AppUrl.h */ = {isa = PBXFileReference; fileEncoding = 4; lastKnownFileType = sourcecode.c.h; path = AppUrl.h; sourceTree = "<group>"; };
		6E9FF28B2B91DC8F00974D50 /* AppUrl.m */ = {isa = PBXFileReference; fileEncoding = 4; lastKnownFileType = sourcecode.c.objc; path = AppUrl.m; sourceTree = "<group>"; };
		6E9FF28D2B91DC8F00974D50 /* NativeReloadHandler.m */ = {isa = PBXFileReference; fileEncoding = 4; lastKnownFileType = sourcecode.c.objc; path = NativeReloadHandler.m; sourceTree = "<group>"; };
		6E9FF28E2B91DC8F00974D50 /* NativeReloadHandler.h */ = {isa = PBXFileReference; fileEncoding = 4; lastKnownFileType = sourcecode.c.h; path = NativeReloadHandler.h; sourceTree = "<group>"; };
		6E9FF28F2B91DC8F00974D50 /* MendixNative.h */ = {isa = PBXFileReference; fileEncoding = 4; lastKnownFileType = sourcecode.c.h; path = MendixNative.h; sourceTree = "<group>"; };
		6E9FF2912B91DC8F00974D50 /* MendixReactWindow.h */ = {isa = PBXFileReference; fileEncoding = 4; lastKnownFileType = sourcecode.c.h; path = MendixReactWindow.h; sourceTree = "<group>"; };
		6E9FF2922B91DC8F00974D50 /* MendixReactWindow.m */ = {isa = PBXFileReference; fileEncoding = 4; lastKnownFileType = sourcecode.c.objc; path = MendixReactWindow.m; sourceTree = "<group>"; };
		6E9FF2942B91DC8F00974D50 /* NativeErrorHandler.h */ = {isa = PBXFileReference; fileEncoding = 4; lastKnownFileType = sourcecode.c.h; path = NativeErrorHandler.h; sourceTree = "<group>"; };
		6E9FF2952B91DC8F00974D50 /* NativeErrorHandler.m */ = {isa = PBXFileReference; fileEncoding = 4; lastKnownFileType = sourcecode.c.objc; path = NativeErrorHandler.m; sourceTree = "<group>"; };
		6E9FF2962B91DC8F00974D50 /* ReactNative.m */ = {isa = PBXFileReference; fileEncoding = 4; lastKnownFileType = sourcecode.c.objc; path = ReactNative.m; sourceTree = "<group>"; };
		6E9FF29B2B91DC8F00974D50 /* RuntimeInfoProvider.m */ = {isa = PBXFileReference; fileEncoding = 4; lastKnownFileType = sourcecode.c.objc; path = RuntimeInfoProvider.m; sourceTree = "<group>"; };
		6E9FF29C2B91DC8F00974D50 /* RuntimeInfoResponse.h */ = {isa = PBXFileReference; fileEncoding = 4; lastKnownFileType = sourcecode.c.h; path = RuntimeInfoResponse.h; sourceTree = "<group>"; };
		6E9FF29D2B91DC8F00974D50 /* RuntimeInfo.m */ = {isa = PBXFileReference; fileEncoding = 4; lastKnownFileType = sourcecode.c.objc; path = RuntimeInfo.m; sourceTree = "<group>"; };
		6E9FF29E2B91DC8F00974D50 /* RuntimeInfoProvider.h */ = {isa = PBXFileReference; fileEncoding = 4; lastKnownFileType = sourcecode.c.h; path = RuntimeInfoProvider.h; sourceTree = "<group>"; };
		6E9FF29F2B91DC8F00974D50 /* RuntimeInfoResponse.m */ = {isa = PBXFileReference; fileEncoding = 4; lastKnownFileType = sourcecode.c.objc; path = RuntimeInfoResponse.m; sourceTree = "<group>"; };
		6E9FF2A02B91DC8F00974D50 /* RuntimeInfo.h */ = {isa = PBXFileReference; fileEncoding = 4; lastKnownFileType = sourcecode.c.h; path = RuntimeInfo.h; sourceTree = "<group>"; };
		6E9FF2A22B91DC8F00974D50 /* UnsupportedFeatures.m */ = {isa = PBXFileReference; fileEncoding = 4; lastKnownFileType = sourcecode.c.objc; path = UnsupportedFeatures.m; sourceTree = "<group>"; };
		6E9FF2A32B91DC8F00974D50 /* MendixBackwardsCompatUtility.m */ = {isa = PBXFileReference; fileEncoding = 4; lastKnownFileType = sourcecode.c.objc; path = MendixBackwardsCompatUtility.m; sourceTree = "<group>"; };
		6E9FF2A42B91DC8F00974D50 /* MendixBackwardsCompatUtility.h */ = {isa = PBXFileReference; fileEncoding = 4; lastKnownFileType = sourcecode.c.h; path = MendixBackwardsCompatUtility.h; sourceTree = "<group>"; };
		6E9FF2A52B91DC8F00974D50 /* UnsupportedFeatures.h */ = {isa = PBXFileReference; fileEncoding = 4; lastKnownFileType = sourcecode.c.h; path = UnsupportedFeatures.h; sourceTree = "<group>"; };
		6E9FF2A72B91DC8F00974D50 /* MendixSplashScreen.m */ = {isa = PBXFileReference; fileEncoding = 4; lastKnownFileType = sourcecode.c.objc; path = MendixSplashScreen.m; sourceTree = "<group>"; };
		6E9FF2A82B91DC8F00974D50 /* SplashScreenPresenterProtocol.h */ = {isa = PBXFileReference; fileEncoding = 4; lastKnownFileType = sourcecode.c.h; path = SplashScreenPresenterProtocol.h; sourceTree = "<group>"; };
		6E9FF2AA2B91DC8F00974D50 /* WarningsFilter.h */ = {isa = PBXFileReference; fileEncoding = 4; lastKnownFileType = sourcecode.c.h; path = WarningsFilter.h; sourceTree = "<group>"; };
		6E9FF2AB2B91DC8F00974D50 /* WarningsFilter.m */ = {isa = PBXFileReference; fileEncoding = 4; lastKnownFileType = sourcecode.c.objc; path = WarningsFilter.m; sourceTree = "<group>"; };
		6E9FF2AE2B91DC8F00974D50 /* UIAlertControllerExt.m */ = {isa = PBXFileReference; fileEncoding = 4; lastKnownFileType = sourcecode.c.objc; path = UIAlertControllerExt.m; sourceTree = "<group>"; };
		6E9FF2AF2B91DC8F00974D50 /* UIAlertControllerExt.h */ = {isa = PBXFileReference; fileEncoding = 4; lastKnownFileType = sourcecode.c.h; path = UIAlertControllerExt.h; sourceTree = "<group>"; };
		6E9FF2B02B91DC8F00974D50 /* DevAppMenu.h */ = {isa = PBXFileReference; fileEncoding = 4; lastKnownFileType = sourcecode.c.h; path = DevAppMenu.h; sourceTree = "<group>"; };
		6E9FF2B12B91DC8F00974D50 /* AppMenuProtocol.h */ = {isa = PBXFileReference; fileEncoding = 4; lastKnownFileType = sourcecode.c.h; path = AppMenuProtocol.h; sourceTree = "<group>"; };
		6E9FF2B22B91DC8F00974D50 /* DevAppMenuUIAlertController.m */ = {isa = PBXFileReference; fileEncoding = 4; lastKnownFileType = sourcecode.c.objc; path = DevAppMenuUIAlertController.m; sourceTree = "<group>"; };
		6E9FF2B32B91DC8F00974D50 /* DevAppMenu.m */ = {isa = PBXFileReference; fileEncoding = 4; lastKnownFileType = sourcecode.c.objc; path = DevAppMenu.m; sourceTree = "<group>"; };
		6E9FF2B52B91DC8F00974D50 /* UIAlertActionExt.h */ = {isa = PBXFileReference; fileEncoding = 4; lastKnownFileType = sourcecode.c.h; path = UIAlertActionExt.h; sourceTree = "<group>"; };
		6E9FF2B62B91DC8F00974D50 /* UIAlertActionExt.m */ = {isa = PBXFileReference; fileEncoding = 4; lastKnownFileType = sourcecode.c.objc; path = UIAlertActionExt.m; sourceTree = "<group>"; };
		6E9FF2B72B91DC8F00974D50 /* DevAppMenuUIAlertController.h */ = {isa = PBXFileReference; fileEncoding = 4; lastKnownFileType = sourcecode.c.h; path = DevAppMenuUIAlertController.h; sourceTree = "<group>"; };
		6E9FF2B92B91DC8F00974D50 /* RNCAsyncStorageExt.h */ = {isa = PBXFileReference; fileEncoding = 4; lastKnownFileType = sourcecode.c.h; path = RNCAsyncStorageExt.h; sourceTree = "<group>"; };
		6E9FF2BB2B91DC8F00974D50 /* AppPreferences.h */ = {isa = PBXFileReference; fileEncoding = 4; lastKnownFileType = sourcecode.c.h; path = AppPreferences.h; sourceTree = "<group>"; };
		6E9FF2BC2B91DC8F00974D50 /* AppPreferences.m */ = {isa = PBXFileReference; fileEncoding = 4; lastKnownFileType = sourcecode.c.objc; path = AppPreferences.m; sourceTree = "<group>"; };
		6E9FF2BE2B91DC8F00974D50 /* NativeDownloadHandler.m */ = {isa = PBXFileReference; fileEncoding = 4; lastKnownFileType = sourcecode.c.objc; path = NativeDownloadHandler.m; sourceTree = "<group>"; };
		6E9FF2BF2B91DC8F00974D50 /* NativeDownloadHandler.h */ = {isa = PBXFileReference; fileEncoding = 4; lastKnownFileType = sourcecode.c.h; path = NativeDownloadHandler.h; sourceTree = "<group>"; };
		6E9FF2C12B91DC9000974D50 /* NativeFsModule.m */ = {isa = PBXFileReference; fileEncoding = 4; lastKnownFileType = sourcecode.c.objc; path = NativeFsModule.m; sourceTree = "<group>"; };
		6E9FF2C22B91DC9000974D50 /* NativeFsModule.h */ = {isa = PBXFileReference; fileEncoding = 4; lastKnownFileType = sourcecode.c.h; path = NativeFsModule.h; sourceTree = "<group>"; };
		6E9FF2C42B91DC9000974D50 /* OtaJSBundleFileProvider.h */ = {isa = PBXFileReference; fileEncoding = 4; lastKnownFileType = sourcecode.c.h; path = OtaJSBundleFileProvider.h; sourceTree = "<group>"; };
		6E9FF2C52B91DC9000974D50 /* OtaJSBundleFileProvider.m */ = {isa = PBXFileReference; fileEncoding = 4; lastKnownFileType = sourcecode.c.objc; path = OtaJSBundleFileProvider.m; sourceTree = "<group>"; };
		6E9FF2C62B91DC9000974D50 /* JSBundleFileProviderProtocol.h */ = {isa = PBXFileReference; fileEncoding = 4; lastKnownFileType = sourcecode.c.h; path = JSBundleFileProviderProtocol.h; sourceTree = "<group>"; };
		9EC638C61DFF1C3BC724B555 /* Pods-MendixNative.release.xcconfig */ = {isa = PBXFileReference; includeInIndex = 1; lastKnownFileType = text.xcconfig; name = "Pods-MendixNative.release.xcconfig"; path = "Target Support Files/Pods-MendixNative/Pods-MendixNative.release.xcconfig"; sourceTree = "<group>"; };
		B9C8D6FED3CC89ECEFEED2F4 /* Pods-MendixNative.debug.xcconfig */ = {isa = PBXFileReference; includeInIndex = 1; lastKnownFileType = text.xcconfig; name = "Pods-MendixNative.debug.xcconfig"; path = "Target Support Files/Pods-MendixNative/Pods-MendixNative.debug.xcconfig"; sourceTree = "<group>"; };
		BD6750925691820C6AC4C7B3 /* libPods-Mendix-MendixNative.a */ = {isa = PBXFileReference; explicitFileType = archive.ar; includeInIndex = 0; path = "libPods-Mendix-MendixNative.a"; sourceTree = BUILT_PRODUCTS_DIR; };
		FF4ECDC1DBF9A349532F4CD7 /* Pods-Mendix-MendixNative.release.xcconfig */ = {isa = PBXFileReference; includeInIndex = 1; lastKnownFileType = text.xcconfig; name = "Pods-Mendix-MendixNative.release.xcconfig"; path = "Target Support Files/Pods-Mendix-MendixNative/Pods-Mendix-MendixNative.release.xcconfig"; sourceTree = "<group>"; };
/* End PBXFileReference section */

/* Begin PBXFrameworksBuildPhase section */
		6E9FF1FB2B91DC1D00974D50 /* Frameworks */ = {
			isa = PBXFrameworksBuildPhase;
			buildActionMask = 2147483647;
			files = (
				10D593852B97242700ABEDAA /* libsqlite3.0.tbd in Frameworks */,
				3466EFA6E6424D77A07F7BD9 /* libPods-Mendix-MendixNative.a in Frameworks */,
			);
			runOnlyForDeploymentPostprocessing = 0;
		};
/* End PBXFrameworksBuildPhase section */

/* Begin PBXGroup section */
		37B9D941FB865AC92B07DDF9 /* Frameworks */ = {
			isa = PBXGroup;
			children = (
				10D593842B97242700ABEDAA /* libsqlite3.0.tbd */,
				BD6750925691820C6AC4C7B3 /* libPods-Mendix-MendixNative.a */,
			);
			name = Frameworks;
			sourceTree = "<group>";
		};
		6E9FF1F52B91DC1D00974D50 = {
			isa = PBXGroup;
			children = (
				6E9FF2002B91DC1D00974D50 /* MendixNative */,
				6E9FF1FF2B91DC1D00974D50 /* Products */,
				7F5785460B43E25A22AFB706 /* Pods */,
				37B9D941FB865AC92B07DDF9 /* Frameworks */,
			);
			sourceTree = "<group>";
		};
		6E9FF1FF2B91DC1D00974D50 /* Products */ = {
			isa = PBXGroup;
			children = (
				6E9FF1FE2B91DC1D00974D50 /* libMendixNative.a */,
			);
			name = Products;
			sourceTree = "<group>";
		};
		6E9FF2002B91DC1D00974D50 /* MendixNative */ = {
			isa = PBXGroup;
			children = (
				6E9FF2BA2B91DC8F00974D50 /* AppPreferences */,
				6E9FF2892B91DC8F00974D50 /* AppUrl */,
				6E9FF2AC2B91DC8F00974D50 /* DevAppMenu */,
				6E9FF2772B91DC8F00974D50 /* Encryption */,
				6E9FF2B82B91DC8F00974D50 /* Extensions */,
				6E9FF2C32B91DC9000974D50 /* JSBundleFileProvider */,
				6E9FF2862B91DC8F00974D50 /* MendixApp */,
				6E9FF2A12B91DC8F00974D50 /* MendixBackwardsCompatUtility */,
				6E9FF28F2B91DC8F00974D50 /* MendixNative.h */,
				6E9FF2902B91DC8F00974D50 /* MendixReactWindow */,
				6E9FF2A62B91DC8F00974D50 /* MendixSplashScreen */,
				6E9FF27B2B91DC8F00974D50 /* MxConfiguration */,
				6E9FF27E2B91DC8F00974D50 /* MxConfigurationBridge.m */,
				6E9FF2BD2B91DC8F00974D50 /* NativeDownloadHandler */,
				6E9FF2932B91DC8F00974D50 /* NativeErrorHandler */,
				6E9FF2C02B91DC9000974D50 /* NativeFsModule */,
				6E9FF27F2B91DC8F00974D50 /* NativeOtaModule */,
				6E9FF28C2B91DC8F00974D50 /* NativeReloadHandler */,
				6E9FF27A2B91DC8F00974D50 /* ReactNative.h */,
				6E9FF2962B91DC8F00974D50 /* ReactNative.m */,
				6E9FF29A2B91DC8F00974D50 /* RuntimeInfoProvider */,
				6E9FF2A92B91DC8F00974D50 /* WarningFilter */,
			);
			path = MendixNative;
			sourceTree = "<group>";
		};
		6E9FF2772B91DC8F00974D50 /* Encryption */ = {
			isa = PBXGroup;
			children = (
				6E9FF2782B91DC8F00974D50 /* MendixEncryptedStorageModule.h */,
				6E9FF2792B91DC8F00974D50 /* MendixEncryptedStorageModule.m */,
			);
			path = Encryption;
			sourceTree = "<group>";
		};
		6E9FF27B2B91DC8F00974D50 /* MxConfiguration */ = {
			isa = PBXGroup;
			children = (
				6E9FF27C2B91DC8F00974D50 /* MxConfiguration.h */,
				6E9FF27D2B91DC8F00974D50 /* MxConfiguration.m */,
			);
			path = MxConfiguration;
			sourceTree = "<group>";
		};
		6E9FF27F2B91DC8F00974D50 /* NativeOtaModule */ = {
			isa = PBXGroup;
			children = (
				6E9FF2802B91DC8F00974D50 /* OtaHelpers.h */,
				6E9FF2812B91DC8F00974D50 /* OtaConstants.m */,
				6E9FF2822B91DC8F00974D50 /* NativeOtaModule.m */,
				6E9FF2832B91DC8F00974D50 /* OtaConstants.h */,
				6E9FF2842B91DC8F00974D50 /* OtaHelpers.m */,
				6E9FF2852B91DC8F00974D50 /* NativeOtaModule.h */,
			);
			path = NativeOtaModule;
			sourceTree = "<group>";
		};
		6E9FF2862B91DC8F00974D50 /* MendixApp */ = {
			isa = PBXGroup;
			children = (
				6E9FF2872B91DC8F00974D50 /* MendixApp.h */,
				6E9FF2882B91DC8F00974D50 /* MendixApp.m */,
			);
			path = MendixApp;
			sourceTree = "<group>";
		};
		6E9FF2892B91DC8F00974D50 /* AppUrl */ = {
			isa = PBXGroup;
			children = (
				6E9FF28A2B91DC8F00974D50 /* AppUrl.h */,
				6E9FF28B2B91DC8F00974D50 /* AppUrl.m */,
			);
			path = AppUrl;
			sourceTree = "<group>";
		};
		6E9FF28C2B91DC8F00974D50 /* NativeReloadHandler */ = {
			isa = PBXGroup;
			children = (
				6E9FF28D2B91DC8F00974D50 /* NativeReloadHandler.m */,
				6E9FF28E2B91DC8F00974D50 /* NativeReloadHandler.h */,
			);
			path = NativeReloadHandler;
			sourceTree = "<group>";
		};
		6E9FF2902B91DC8F00974D50 /* MendixReactWindow */ = {
			isa = PBXGroup;
			children = (
				6E9FF2912B91DC8F00974D50 /* MendixReactWindow.h */,
				6E9FF2922B91DC8F00974D50 /* MendixReactWindow.m */,
			);
			path = MendixReactWindow;
			sourceTree = "<group>";
		};
		6E9FF2932B91DC8F00974D50 /* NativeErrorHandler */ = {
			isa = PBXGroup;
			children = (
				6E9FF2942B91DC8F00974D50 /* NativeErrorHandler.h */,
				6E9FF2952B91DC8F00974D50 /* NativeErrorHandler.m */,
			);
			path = NativeErrorHandler;
			sourceTree = "<group>";
		};
		6E9FF29A2B91DC8F00974D50 /* RuntimeInfoProvider */ = {
			isa = PBXGroup;
			children = (
				6E9FF29B2B91DC8F00974D50 /* RuntimeInfoProvider.m */,
				6E9FF29C2B91DC8F00974D50 /* RuntimeInfoResponse.h */,
				6E9FF29D2B91DC8F00974D50 /* RuntimeInfo.m */,
				6E9FF29E2B91DC8F00974D50 /* RuntimeInfoProvider.h */,
				6E9FF29F2B91DC8F00974D50 /* RuntimeInfoResponse.m */,
				6E9FF2A02B91DC8F00974D50 /* RuntimeInfo.h */,
			);
			path = RuntimeInfoProvider;
			sourceTree = "<group>";
		};
		6E9FF2A12B91DC8F00974D50 /* MendixBackwardsCompatUtility */ = {
			isa = PBXGroup;
			children = (
				6E9FF2A22B91DC8F00974D50 /* UnsupportedFeatures.m */,
				6E9FF2A32B91DC8F00974D50 /* MendixBackwardsCompatUtility.m */,
				6E9FF2A42B91DC8F00974D50 /* MendixBackwardsCompatUtility.h */,
				6E9FF2A52B91DC8F00974D50 /* UnsupportedFeatures.h */,
			);
			path = MendixBackwardsCompatUtility;
			sourceTree = "<group>";
		};
		6E9FF2A62B91DC8F00974D50 /* MendixSplashScreen */ = {
			isa = PBXGroup;
			children = (
				6E9FF2A72B91DC8F00974D50 /* MendixSplashScreen.m */,
				6E9FF2A82B91DC8F00974D50 /* SplashScreenPresenterProtocol.h */,
			);
			path = MendixSplashScreen;
			sourceTree = "<group>";
		};
		6E9FF2A92B91DC8F00974D50 /* WarningFilter */ = {
			isa = PBXGroup;
			children = (
				6E9FF2AA2B91DC8F00974D50 /* WarningsFilter.h */,
				6E9FF2AB2B91DC8F00974D50 /* WarningsFilter.m */,
			);
			path = WarningFilter;
			sourceTree = "<group>";
		};
		6E9FF2AC2B91DC8F00974D50 /* DevAppMenu */ = {
			isa = PBXGroup;
			children = (
				6E9FF2AD2B91DC8F00974D50 /* UIAlertControllerExt */,
				6E9FF2B02B91DC8F00974D50 /* DevAppMenu.h */,
				6E9FF2B12B91DC8F00974D50 /* AppMenuProtocol.h */,
				6E9FF2B22B91DC8F00974D50 /* DevAppMenuUIAlertController.m */,
				6E9FF2B32B91DC8F00974D50 /* DevAppMenu.m */,
				6E9FF2B42B91DC8F00974D50 /* UIAlertActionExt */,
				6E9FF2B72B91DC8F00974D50 /* DevAppMenuUIAlertController.h */,
			);
			path = DevAppMenu;
			sourceTree = "<group>";
		};
		6E9FF2AD2B91DC8F00974D50 /* UIAlertControllerExt */ = {
			isa = PBXGroup;
			children = (
				6E9FF2AE2B91DC8F00974D50 /* UIAlertControllerExt.m */,
				6E9FF2AF2B91DC8F00974D50 /* UIAlertControllerExt.h */,
			);
			path = UIAlertControllerExt;
			sourceTree = "<group>";
		};
		6E9FF2B42B91DC8F00974D50 /* UIAlertActionExt */ = {
			isa = PBXGroup;
			children = (
				6E9FF2B52B91DC8F00974D50 /* UIAlertActionExt.h */,
				6E9FF2B62B91DC8F00974D50 /* UIAlertActionExt.m */,
			);
			path = UIAlertActionExt;
			sourceTree = "<group>";
		};
		6E9FF2B82B91DC8F00974D50 /* Extensions */ = {
			isa = PBXGroup;
			children = (
				6E9FF2B92B91DC8F00974D50 /* RNCAsyncStorageExt.h */,
			);
			path = Extensions;
			sourceTree = "<group>";
		};
		6E9FF2BA2B91DC8F00974D50 /* AppPreferences */ = {
			isa = PBXGroup;
			children = (
				6E9FF2BB2B91DC8F00974D50 /* AppPreferences.h */,
				6E9FF2BC2B91DC8F00974D50 /* AppPreferences.m */,
			);
			path = AppPreferences;
			sourceTree = "<group>";
		};
		6E9FF2BD2B91DC8F00974D50 /* NativeDownloadHandler */ = {
			isa = PBXGroup;
			children = (
				6E9FF2BE2B91DC8F00974D50 /* NativeDownloadHandler.m */,
				6E9FF2BF2B91DC8F00974D50 /* NativeDownloadHandler.h */,
			);
			path = NativeDownloadHandler;
			sourceTree = "<group>";
		};
		6E9FF2C02B91DC9000974D50 /* NativeFsModule */ = {
			isa = PBXGroup;
			children = (
				6E9FF2C12B91DC9000974D50 /* NativeFsModule.m */,
				6E9FF2C22B91DC9000974D50 /* NativeFsModule.h */,
			);
			path = NativeFsModule;
			sourceTree = "<group>";
		};
		6E9FF2C32B91DC9000974D50 /* JSBundleFileProvider */ = {
			isa = PBXGroup;
			children = (
				6E9FF2C42B91DC9000974D50 /* OtaJSBundleFileProvider.h */,
				6E9FF2C52B91DC9000974D50 /* OtaJSBundleFileProvider.m */,
				6E9FF2C62B91DC9000974D50 /* JSBundleFileProviderProtocol.h */,
			);
			path = JSBundleFileProvider;
			sourceTree = "<group>";
		};
		7F5785460B43E25A22AFB706 /* Pods */ = {
			isa = PBXGroup;
			children = (
				B9C8D6FED3CC89ECEFEED2F4 /* Pods-MendixNative.debug.xcconfig */,
				9EC638C61DFF1C3BC724B555 /* Pods-MendixNative.release.xcconfig */,
				0DC00D0E45918C6FA627EB0A /* Pods-Mendix-MendixNative.debug.xcconfig */,
				FF4ECDC1DBF9A349532F4CD7 /* Pods-Mendix-MendixNative.release.xcconfig */,
			);
			path = Pods;
			sourceTree = "<group>";
		};
/* End PBXGroup section */

/* Begin PBXHeadersBuildPhase section */
		10D593502B97219000ABEDAA /* Headers */ = {
			isa = PBXHeadersBuildPhase;
			buildActionMask = 2147483647;
			files = (
				10D593542B9721CD00ABEDAA /* DevAppMenu.h in Headers */,
				10D593552B9721CD00ABEDAA /* AppMenuProtocol.h in Headers */,
				10D593562B9721CD00ABEDAA /* UIAlertActionExt.h in Headers */,
				10D593572B9721CD00ABEDAA /* DevAppMenuUIAlertController.h in Headers */,
				10D593582B9721CD00ABEDAA /* MendixEncryptedStorageModule.h in Headers */,
				10D593592B9721CD00ABEDAA /* RNCAsyncStorageExt.h in Headers */,
				10D5935B2B9721CD00ABEDAA /* MendixApp.h in Headers */,
				10D5935C2B9721CD00ABEDAA /* MendixBackwardsCompatUtility.h in Headers */,
				10D5935D2B9721CD00ABEDAA /* UnsupportedFeatures.h in Headers */,
				10D5935E2B9721CD00ABEDAA /* MendixReactWindow.h in Headers */,
				10D5935F2B9721CD00ABEDAA /* SplashScreenPresenterProtocol.h in Headers */,
				10D593602B9721CD00ABEDAA /* MxConfiguration.h in Headers */,
				10D593612B9721CD00ABEDAA /* NativeDownloadHandler.h in Headers */,
				10D593632B9721CD00ABEDAA /* NativeFsModule.h in Headers */,
				10D593642B9721CD00ABEDAA /* OtaHelpers.h in Headers */,
				10D593652B9721CD00ABEDAA /* OtaConstants.h in Headers */,
				10D593662B9721CD00ABEDAA /* NativeOtaModule.h in Headers */,
				10D593672B9721CD00ABEDAA /* NativeReloadHandler.h in Headers */,
				10D593682B9721CD00ABEDAA /* ReactNative.h in Headers */,
				10D593692B9721CD00ABEDAA /* RuntimeInfoResponse.h in Headers */,
				10D5936A2B9721CD00ABEDAA /* RuntimeInfoProvider.h in Headers */,
				10D5936B2B9721CD00ABEDAA /* RuntimeInfo.h in Headers */,
				10D5936C2B9721CD00ABEDAA /* WarningsFilter.h in Headers */,
				10D593532B9721AE00ABEDAA /* UIAlertControllerExt.h in Headers */,
				10D593522B9721A600ABEDAA /* AppUrl.h in Headers */,
				10D593512B97219F00ABEDAA /* AppPreferences.h in Headers */,
			);
			runOnlyForDeploymentPostprocessing = 0;
		};
/* End PBXHeadersBuildPhase section */

/* Begin PBXNativeTarget section */
		6E9FF1FD2B91DC1D00974D50 /* MendixNative */ = {
			isa = PBXNativeTarget;
			buildConfigurationList = 6E9FF2072B91DC1D00974D50 /* Build configuration list for PBXNativeTarget "MendixNative" */;
			buildPhases = (
				54DFB51DC69169DD98CC0F41 /* [CP] Check Pods Manifest.lock */,
				10D593502B97219000ABEDAA /* Headers */,
				6E9FF1FA2B91DC1D00974D50 /* Sources */,
				6E9FF1FB2B91DC1D00974D50 /* Frameworks */,
				6E9FF1FC2B91DC1D00974D50 /* CopyFiles */,
			);
			buildRules = (
			);
			dependencies = (
			);
			name = MendixNative;
			productName = MendixNative;
			productReference = 6E9FF1FE2B91DC1D00974D50 /* libMendixNative.a */;
			productType = "com.apple.product-type.library.static";
		};
/* End PBXNativeTarget section */

/* Begin PBXProject section */
		6E9FF1F62B91DC1D00974D50 /* Project object */ = {
			isa = PBXProject;
			attributes = {
				BuildIndependentTargetsInParallel = 1;
				LastUpgradeCheck = 1520;
				TargetAttributes = {
					6E9FF1FD2B91DC1D00974D50 = {
						CreatedOnToolsVersion = 15.2;
					};
				};
			};
			buildConfigurationList = 6E9FF1F92B91DC1D00974D50 /* Build configuration list for PBXProject "MendixNative" */;
			compatibilityVersion = "Xcode 14.0";
			developmentRegion = en;
			hasScannedForEncodings = 0;
			knownRegions = (
				en,
				Base,
			);
			mainGroup = 6E9FF1F52B91DC1D00974D50;
			productRefGroup = 6E9FF1FF2B91DC1D00974D50 /* Products */;
			projectDirPath = "";
			projectRoot = "";
			targets = (
				6E9FF1FD2B91DC1D00974D50 /* MendixNative */,
			);
		};
/* End PBXProject section */

/* Begin PBXShellScriptBuildPhase section */
		54DFB51DC69169DD98CC0F41 /* [CP] Check Pods Manifest.lock */ = {
			isa = PBXShellScriptBuildPhase;
			buildActionMask = 2147483647;
			files = (
			);
			inputFileListPaths = (
			);
			inputPaths = (
				"${PODS_PODFILE_DIR_PATH}/Podfile.lock",
				"${PODS_ROOT}/Manifest.lock",
			);
			name = "[CP] Check Pods Manifest.lock";
			outputFileListPaths = (
			);
			outputPaths = (
				"$(DERIVED_FILE_DIR)/Pods-Mendix-MendixNative-checkManifestLockResult.txt",
			);
			runOnlyForDeploymentPostprocessing = 0;
			shellPath = /bin/sh;
			shellScript = "diff \"${PODS_PODFILE_DIR_PATH}/Podfile.lock\" \"${PODS_ROOT}/Manifest.lock\" > /dev/null\nif [ $? != 0 ] ; then\n    # print error to STDERR\n    echo \"error: The sandbox is not in sync with the Podfile.lock. Run 'pod install' or update your CocoaPods installation.\" >&2\n    exit 1\nfi\n# This output is used by Xcode 'outputs' to avoid re-running this script phase.\necho \"SUCCESS\" > \"${SCRIPT_OUTPUT_FILE_0}\"\n";
			showEnvVarsInLog = 0;
		};
/* End PBXShellScriptBuildPhase section */

/* Begin PBXSourcesBuildPhase section */
		6E9FF1FA2B91DC1D00974D50 /* Sources */ = {
			isa = PBXSourcesBuildPhase;
			buildActionMask = 2147483647;
			files = (
				6E9FF2CD2B91DC9000974D50 /* MendixApp.m in Sources */,
				6E9FF2C72B91DC9000974D50 /* MendixEncryptedStorageModule.m in Sources */,
				6E9FF2D82B91DC9000974D50 /* UnsupportedFeatures.m in Sources */,
				6E9FF2E12B91DC9000974D50 /* NativeDownloadHandler.m in Sources */,
				6E9FF2E32B91DC9000974D50 /* OtaJSBundleFileProvider.m in Sources */,
				6E9FF2DE2B91DC9000974D50 /* DevAppMenu.m in Sources */,
				6E9FF2CB2B91DC9000974D50 /* NativeOtaModule.m in Sources */,
				6E9FF2DF2B91DC9000974D50 /* UIAlertActionExt.m in Sources */,
				6E9FF2CF2B91DC9000974D50 /* NativeReloadHandler.m in Sources */,
				6E9FF2D72B91DC9000974D50 /* RuntimeInfoResponse.m in Sources */,
				6E9FF2DB2B91DC9000974D50 /* WarningsFilter.m in Sources */,
				6E9FF2DC2B91DC9000974D50 /* UIAlertControllerExt.m in Sources */,
				6E9FF2C92B91DC9000974D50 /* MxConfigurationBridge.m in Sources */,
				6E9FF2D12B91DC9000974D50 /* NativeErrorHandler.m in Sources */,
				6E9FF2D92B91DC9000974D50 /* MendixBackwardsCompatUtility.m in Sources */,
				6E9FF2D22B91DC9000974D50 /* ReactNative.m in Sources */,
				6E9FF2DA2B91DC9000974D50 /* MendixSplashScreen.m in Sources */,
				6E9FF2DD2B91DC9000974D50 /* DevAppMenuUIAlertController.m in Sources */,
				6E9FF2D62B91DC9000974D50 /* RuntimeInfo.m in Sources */,
				6E9FF2CA2B91DC9000974D50 /* OtaConstants.m in Sources */,
				6E9FF2D02B91DC9000974D50 /* MendixReactWindow.m in Sources */,
				6E9FF2CC2B91DC9000974D50 /* OtaHelpers.m in Sources */,
				6E9FF2C82B91DC9000974D50 /* MxConfiguration.m in Sources */,
				6E9FF2CE2B91DC9000974D50 /* AppUrl.m in Sources */,
				6E9FF2D52B91DC9000974D50 /* RuntimeInfoProvider.m in Sources */,
				6E9FF2E22B91DC9000974D50 /* NativeFsModule.m in Sources */,
				6E9FF2E02B91DC9000974D50 /* AppPreferences.m in Sources */,
			);
			runOnlyForDeploymentPostprocessing = 0;
		};
/* End PBXSourcesBuildPhase section */

/* Begin XCBuildConfiguration section */
		6E9FF2052B91DC1D00974D50 /* Debug */ = {
			isa = XCBuildConfiguration;
			buildSettings = {
				ALWAYS_SEARCH_USER_PATHS = NO;
				ASSETCATALOG_COMPILER_GENERATE_SWIFT_ASSET_SYMBOL_EXTENSIONS = YES;
				CLANG_ANALYZER_NONNULL = YES;
				CLANG_ANALYZER_NUMBER_OBJECT_CONVERSION = YES_AGGRESSIVE;
				CLANG_CXX_LANGUAGE_STANDARD = "c++17";
				CLANG_ENABLE_MODULES = YES;
				CLANG_ENABLE_OBJC_ARC = YES;
				CLANG_ENABLE_OBJC_WEAK = YES;
				CLANG_WARN_BLOCK_CAPTURE_AUTORELEASING = YES;
				CLANG_WARN_BOOL_CONVERSION = YES;
				CLANG_WARN_COMMA = YES;
				CLANG_WARN_CONSTANT_CONVERSION = YES;
				CLANG_WARN_DEPRECATED_OBJC_IMPLEMENTATIONS = YES;
				CLANG_WARN_DIRECT_OBJC_ISA_USAGE = YES_ERROR;
				CLANG_WARN_DOCUMENTATION_COMMENTS = YES;
				CLANG_WARN_EMPTY_BODY = YES;
				CLANG_WARN_ENUM_CONVERSION = YES;
				CLANG_WARN_INFINITE_RECURSION = YES;
				CLANG_WARN_INT_CONVERSION = YES;
				CLANG_WARN_NON_LITERAL_NULL_CONVERSION = YES;
				CLANG_WARN_OBJC_IMPLICIT_RETAIN_SELF = YES;
				CLANG_WARN_OBJC_LITERAL_CONVERSION = YES;
				CLANG_WARN_OBJC_ROOT_CLASS = YES_ERROR;
				CLANG_WARN_QUOTED_INCLUDE_IN_FRAMEWORK_HEADER = YES;
				CLANG_WARN_RANGE_LOOP_ANALYSIS = YES;
				CLANG_WARN_STRICT_PROTOTYPES = YES;
				CLANG_WARN_SUSPICIOUS_MOVE = YES;
				CLANG_WARN_UNGUARDED_AVAILABILITY = YES_AGGRESSIVE;
				CLANG_WARN_UNREACHABLE_CODE = YES;
				CLANG_WARN__DUPLICATE_METHOD_MATCH = YES;
				COPY_PHASE_STRIP = NO;
				DEBUG_INFORMATION_FORMAT = dwarf;
				ENABLE_STRICT_OBJC_MSGSEND = YES;
				ENABLE_TESTABILITY = YES;
				ENABLE_USER_SCRIPT_SANDBOXING = YES;
				"EXCLUDED_ARCHS[sdk=iphonesimulator*]" = "";
				GCC_C_LANGUAGE_STANDARD = gnu17;
				GCC_DYNAMIC_NO_PIC = NO;
				GCC_NO_COMMON_BLOCKS = YES;
				GCC_OPTIMIZATION_LEVEL = 0;
				GCC_PREPROCESSOR_DEFINITIONS = (
					"DEBUG=1",
					"$(inherited)",
					_LIBCPP_ENABLE_CXX17_REMOVED_UNARY_BINARY_FUNCTION,
				);
				GCC_WARN_64_TO_32_BIT_CONVERSION = YES;
				GCC_WARN_ABOUT_RETURN_TYPE = YES_ERROR;
				GCC_WARN_UNDECLARED_SELECTOR = YES;
				GCC_WARN_UNINITIALIZED_AUTOS = YES_AGGRESSIVE;
				GCC_WARN_UNUSED_FUNCTION = YES;
				GCC_WARN_UNUSED_VARIABLE = YES;
				IPHONEOS_DEPLOYMENT_TARGET = 17.2;
				LOCALIZATION_PREFERS_STRING_CATALOGS = YES;
				MTL_ENABLE_DEBUG_INFO = INCLUDE_SOURCE;
				MTL_FAST_MATH = YES;
				ONLY_ACTIVE_ARCH = YES;
				OTHER_CFLAGS = "$(inherited)";
				OTHER_CPLUSPLUSFLAGS = "$(inherited)";
				OTHER_LDFLAGS = (
					"$(inherited)",
					"-Wl",
					"-ld_classic",
				);
				REACT_NATIVE_PATH = "${PODS_ROOT}/../../node_modules/react-native";
				SDKROOT = iphoneos;
			};
			name = Debug;
		};
		6E9FF2062B91DC1D00974D50 /* Release */ = {
			isa = XCBuildConfiguration;
			buildSettings = {
				ALWAYS_SEARCH_USER_PATHS = NO;
				ASSETCATALOG_COMPILER_GENERATE_SWIFT_ASSET_SYMBOL_EXTENSIONS = YES;
				CLANG_ANALYZER_NONNULL = YES;
				CLANG_ANALYZER_NUMBER_OBJECT_CONVERSION = YES_AGGRESSIVE;
				CLANG_CXX_LANGUAGE_STANDARD = "c++17";
				CLANG_ENABLE_MODULES = YES;
				CLANG_ENABLE_OBJC_ARC = YES;
				CLANG_ENABLE_OBJC_WEAK = YES;
				CLANG_WARN_BLOCK_CAPTURE_AUTORELEASING = YES;
				CLANG_WARN_BOOL_CONVERSION = YES;
				CLANG_WARN_COMMA = YES;
				CLANG_WARN_CONSTANT_CONVERSION = YES;
				CLANG_WARN_DEPRECATED_OBJC_IMPLEMENTATIONS = YES;
				CLANG_WARN_DIRECT_OBJC_ISA_USAGE = YES_ERROR;
				CLANG_WARN_DOCUMENTATION_COMMENTS = YES;
				CLANG_WARN_EMPTY_BODY = YES;
				CLANG_WARN_ENUM_CONVERSION = YES;
				CLANG_WARN_INFINITE_RECURSION = YES;
				CLANG_WARN_INT_CONVERSION = YES;
				CLANG_WARN_NON_LITERAL_NULL_CONVERSION = YES;
				CLANG_WARN_OBJC_IMPLICIT_RETAIN_SELF = YES;
				CLANG_WARN_OBJC_LITERAL_CONVERSION = YES;
				CLANG_WARN_OBJC_ROOT_CLASS = YES_ERROR;
				CLANG_WARN_QUOTED_INCLUDE_IN_FRAMEWORK_HEADER = YES;
				CLANG_WARN_RANGE_LOOP_ANALYSIS = YES;
				CLANG_WARN_STRICT_PROTOTYPES = YES;
				CLANG_WARN_SUSPICIOUS_MOVE = YES;
				CLANG_WARN_UNGUARDED_AVAILABILITY = YES_AGGRESSIVE;
				CLANG_WARN_UNREACHABLE_CODE = YES;
				CLANG_WARN__DUPLICATE_METHOD_MATCH = YES;
				COPY_PHASE_STRIP = NO;
				DEBUG_INFORMATION_FORMAT = "dwarf-with-dsym";
				ENABLE_NS_ASSERTIONS = NO;
				ENABLE_STRICT_OBJC_MSGSEND = YES;
				ENABLE_USER_SCRIPT_SANDBOXING = YES;
				"EXCLUDED_ARCHS[sdk=iphonesimulator*]" = "";
				GCC_C_LANGUAGE_STANDARD = gnu17;
				GCC_NO_COMMON_BLOCKS = YES;
				GCC_PREPROCESSOR_DEFINITIONS = (
					"$(inherited)",
					_LIBCPP_ENABLE_CXX17_REMOVED_UNARY_BINARY_FUNCTION,
				);
				GCC_WARN_64_TO_32_BIT_CONVERSION = YES;
				GCC_WARN_ABOUT_RETURN_TYPE = YES_ERROR;
				GCC_WARN_UNDECLARED_SELECTOR = YES;
				GCC_WARN_UNINITIALIZED_AUTOS = YES_AGGRESSIVE;
				GCC_WARN_UNUSED_FUNCTION = YES;
				GCC_WARN_UNUSED_VARIABLE = YES;
				IPHONEOS_DEPLOYMENT_TARGET = 17.2;
				LOCALIZATION_PREFERS_STRING_CATALOGS = YES;
				MTL_ENABLE_DEBUG_INFO = NO;
				MTL_FAST_MATH = YES;
				OTHER_CFLAGS = "$(inherited)";
				OTHER_CPLUSPLUSFLAGS = "$(inherited)";
				OTHER_LDFLAGS = (
					"$(inherited)",
					"-Wl",
					"-ld_classic",
				);
				REACT_NATIVE_PATH = "${PODS_ROOT}/../../node_modules/react-native";
				SDKROOT = iphoneos;
				VALIDATE_PRODUCT = YES;
			};
			name = Release;
		};
		6E9FF2082B91DC1D00974D50 /* Debug */ = {
			isa = XCBuildConfiguration;
			baseConfigurationReference = 0DC00D0E45918C6FA627EB0A /* Pods-Mendix-MendixNative.debug.xcconfig */;
			buildSettings = {
				CODE_SIGN_STYLE = Automatic;
				DEVELOPMENT_TEAM = BC32QNM6AD;
				OTHER_LDFLAGS = "-ObjC";
				PRODUCT_NAME = "$(TARGET_NAME)";
				SKIP_INSTALL = YES;
				SWIFT_VERSION = 4.0;
				TARGETED_DEVICE_FAMILY = "1,2";
			};
			name = Debug;
		};
		6E9FF2092B91DC1D00974D50 /* Release */ = {
			isa = XCBuildConfiguration;
			baseConfigurationReference = FF4ECDC1DBF9A349532F4CD7 /* Pods-Mendix-MendixNative.release.xcconfig */;
			buildSettings = {
				CODE_SIGN_STYLE = Automatic;
				DEVELOPMENT_TEAM = BC32QNM6AD;
				OTHER_LDFLAGS = "-ObjC";
				PRODUCT_NAME = "$(TARGET_NAME)";
				SKIP_INSTALL = YES;
				SWIFT_VERSION = 4.0;
				TARGETED_DEVICE_FAMILY = "1,2";
			};
			name = Release;
		};
/* End XCBuildConfiguration section */

/* Begin XCConfigurationList section */
		6E9FF1F92B91DC1D00974D50 /* Build configuration list for PBXProject "MendixNative" */ = {
			isa = XCConfigurationList;
			buildConfigurations = (
				6E9FF2052B91DC1D00974D50 /* Debug */,
				6E9FF2062B91DC1D00974D50 /* Release */,
			);
			defaultConfigurationIsVisible = 0;
			defaultConfigurationName = Release;
		};
		6E9FF2072B91DC1D00974D50 /* Build configuration list for PBXNativeTarget "MendixNative" */ = {
			isa = XCConfigurationList;
			buildConfigurations = (
				6E9FF2082B91DC1D00974D50 /* Debug */,
				6E9FF2092B91DC1D00974D50 /* Release */,
			);
			defaultConfigurationIsVisible = 0;
			defaultConfigurationName = Release;
		};
/* End XCConfigurationList section */
	};
	rootObject = 6E9FF1F62B91DC1D00974D50 /* Project object */;
}
